
Microsoft Visual Studio Solution File, Format Version 12.00
# Visual Studio Version 17
VisualStudioVersion = 17.9.34728.123
MinimumVisualStudioVersion = 10.0.40219.1
Project("{FAE04EC0-301F-11D3-BF4B-00C04F79EFBC}") = "Project-Lab-1.Server", "Project-Lab-1.Server\Project-Lab-1.Server.csproj", "{E1716D04-6CD1-496C-A291-685FF9787FC1}"
EndProject
Project("{54A90642-561A-4BB1-A94E-469ADEE60C69}") = "project-lab-1.client", "project-lab-1.client\project-lab-1.client.esproj", "{5A670201-84C9-494F-B3D7-4260F53C0080}"
EndProject
Global
	GlobalSection(SolutionConfigurationPlatforms) = preSolution
		Debug|Any CPU = Debug|Any CPU
		Release|Any CPU = Release|Any CPU
	EndGlobalSection
	GlobalSection(ProjectConfigurationPlatforms) = postSolution
		{E1716D04-6CD1-496C-A291-685FF9787FC1}.Debug|Any CPU.ActiveCfg = Debug|Any CPU
		{E1716D04-6CD1-496C-A291-685FF9787FC1}.Debug|Any CPU.Build.0 = Debug|Any CPU
		{E1716D04-6CD1-496C-A291-685FF9787FC1}.Release|Any CPU.ActiveCfg = Release|Any CPU
		{E1716D04-6CD1-496C-A291-685FF9787FC1}.Release|Any CPU.Build.0 = Release|Any CPU
		{5A670201-84C9-494F-B3D7-4260F53C0080}.Debug|Any CPU.ActiveCfg = Debug|Any CPU
		{5A670201-84C9-494F-B3D7-4260F53C0080}.Debug|Any CPU.Build.0 = Debug|Any CPU
		{5A670201-84C9-494F-B3D7-4260F53C0080}.Debug|Any CPU.Deploy.0 = Debug|Any CPU
		{5A670201-84C9-494F-B3D7-4260F53C0080}.Release|Any CPU.ActiveCfg = Release|Any CPU
		{5A670201-84C9-494F-B3D7-4260F53C0080}.Release|Any CPU.Build.0 = Release|Any CPU
		{5A670201-84C9-494F-B3D7-4260F53C0080}.Release|Any CPU.Deploy.0 = Release|Any CPU
	EndGlobalSection
	GlobalSection(SolutionProperties) = preSolution
		HideSolutionNode = FALSE
	EndGlobalSection
	GlobalSection(ExtensibilityGlobals) = postSolution
		SolutionGuid = {39A365C0-D3CE-454C-85EE-CA68055A7A3D}
	EndGlobalSection
EndGlobal
